# This file is generated by running "yarn install" inside your project.
# Manual changes might be lost - proceed with caution!

__metadata:
  version: 8
  cacheKey: 10c0

"lefthook-darwin-arm64@npm:2.0.13":
  version: 2.0.13
  resolution: "lefthook-darwin-arm64@npm:2.0.13"
  conditions: os=darwin & cpu=arm64
  languageName: node
  linkType: hard

"lefthook-darwin-x64@npm:2.0.13":
  version: 2.0.13
  resolution: "lefthook-darwin-x64@npm:2.0.13"
  conditions: os=darwin & cpu=x64
  languageName: node
  linkType: hard

"lefthook-freebsd-arm64@npm:2.0.13":
  version: 2.0.13
  resolution: "lefthook-freebsd-arm64@npm:2.0.13"
  conditions: os=freebsd & cpu=arm64
  languageName: node
  linkType: hard

"lefthook-freebsd-x64@npm:2.0.13":
  version: 2.0.13
  resolution: "lefthook-freebsd-x64@npm:2.0.13"
  conditions: os=freebsd & cpu=x64
  languageName: node
  linkType: hard

"lefthook-linux-arm64@npm:2.0.13":
  version: 2.0.13
  resolution: "lefthook-linux-arm64@npm:2.0.13"
  conditions: os=linux & cpu=arm64
  languageName: node
  linkType: hard

"lefthook-linux-x64@npm:2.0.13":
  version: 2.0.13
  resolution: "lefthook-linux-x64@npm:2.0.13"
  conditions: os=linux & cpu=x64
  languageName: node
  linkType: hard

"lefthook-openbsd-arm64@npm:2.0.13":
  version: 2.0.13
  resolution: "lefthook-openbsd-arm64@npm:2.0.13"
  conditions: os=openbsd & cpu=arm64
  languageName: node
  linkType: hard

"lefthook-openbsd-x64@npm:2.0.13":
  version: 2.0.13
  resolution: "lefthook-openbsd-x64@npm:2.0.13"
  conditions: os=openbsd & cpu=x64
  languageName: node
  linkType: hard

"lefthook-windows-arm64@npm:2.0.13":
  version: 2.0.13
  resolution: "lefthook-windows-arm64@npm:2.0.13"
  conditions: os=win32 & cpu=arm64
  languageName: node
  linkType: hard

"lefthook-windows-x64@npm:2.0.13":
  version: 2.0.13
  resolution: "lefthook-windows-x64@npm:2.0.13"
  conditions: os=win32 & cpu=x64
  languageName: node
  linkType: hard

"lefthook@npm:^2.0.13":
  version: 2.0.13
  resolution: "lefthook@npm:2.0.13"
  dependencies:
    lefthook-darwin-arm64: "npm:2.0.13"
    lefthook-darwin-x64: "npm:2.0.13"
    lefthook-freebsd-arm64: "npm:2.0.13"
    lefthook-freebsd-x64: "npm:2.0.13"
    lefthook-linux-arm64: "npm:2.0.13"
    lefthook-linux-x64: "npm:2.0.13"
    lefthook-openbsd-arm64: "npm:2.0.13"
    lefthook-openbsd-x64: "npm:2.0.13"
    lefthook-windows-arm64: "npm:2.0.13"
    lefthook-windows-x64: "npm:2.0.13"
  dependenciesMeta:
    lefthook-darwin-arm64:
      optional: true
    lefthook-darwin-x64:
      optional: true
    lefthook-freebsd-arm64:
      optional: true
    lefthook-freebsd-x64:
      optional: true
    lefthook-linux-arm64:
      optional: true
    lefthook-linux-x64:
      optional: true
    lefthook-openbsd-arm64:
      optional: true
    lefthook-openbsd-x64:
      optional: true
    lefthook-windows-arm64:
      optional: true
    lefthook-windows-x64:
      optional: true
  bin:
    lefthook: bin/index.js
  checksum: 10c0/11dc5a952c24325b19803c261331f1e12ea8eaf31c0ab131815955a6e7210323828995c2b9cc73b79c23de960beda27ab71de88afdf00e40f367c6b13cee1ce3
  languageName: node
  linkType: hard

"pickmyelective@workspace:.":
  version: 0.0.0-use.local
  resolution: "pickmyelective@workspace:."
  dependencies:
    lefthook: "npm:^2.0.13"
  languageName: unknown
  linkType: soft
